
Microsoft Visual Studio Solution File, Format Version 12.00
# Visual Studio Version 17
VisualStudioVersion = 17.14.36127.28 d17.14
MinimumVisualStudioVersion = 10.0.40219.1
Project("{FAE04EC0-301F-11D3-BF4B-00C04F79EFBC}") = "MusicSchool.BlazorClient", "MusicSchool.BlazorClient\MusicSchool.BlazorClient.csproj", "{639B2696-CFBB-4535-B470-AE65E4FC91B5}"
EndProject
Global
	GlobalSection(SolutionConfigurationPlatforms) = preSolution
		Debug|Any CPU = Debug|Any CPU
		Release|Any CPU = Release|Any CPU
	EndGlobalSection
	GlobalSection(ProjectConfigurationPlatforms) = postSolution
		{639B2696-CFBB-4535-B470-AE65E4FC91B5}.Debug|Any CPU.ActiveCfg = Debug|Any CPU
		{639B2696-CFBB-4535-B470-AE65E4FC91B5}.Debug|Any CPU.Build.0 = Debug|Any CPU
		{639B2696-CFBB-4535-B470-AE65E4FC91B5}.Release|Any CPU.ActiveCfg = Release|Any CPU
		{639B2696-CFBB-4535-B470-AE65E4FC91B5}.Release|Any CPU.Build.0 = Release|Any CPU
	EndGlobalSection
	GlobalSection(SolutionProperties) = preSolution
		HideSolutionNode = FALSE
	EndGlobalSection
	GlobalSection(ExtensibilityGlobals) = postSolution
		SolutionGuid = {66BE7A32-11E6-4689-A5B5-487857284083}
	EndGlobalSection
EndGlobal
